
Microsoft Visual Studio Solution File, Format Version 12.00
# Visual Studio 14
VisualStudioVersion = 14.0.25420.1
MinimumVisualStudioVersion = 10.0.40219.1
Project("{2150E333-8FDC-42A3-9474-1A3956D46DE8}") = "SaveHuman", "SaveHuman", "{93C3768C-E822-4A79-BEE8-457C479B9FDC}"
EndProject
Project("{D954291E-2A0B-460D-934E-DC6B0785DB48}") = "SaveHuman.Shared", "SaveHuman\SaveHuman.Shared\SaveHuman.Shared.shproj", "{B570DFF4-1E0F-418A-BF9F-7B735E3B97BA}"
EndProject
Project("{FAE04EC0-301F-11D3-BF4B-00C04F79EFBC}") = "SaveHuman.Windows", "SaveHuman\SaveHuman.Windows\SaveHuman.Windows.csproj", "{710FC534-75AC-4E85-A0B6-D7B388B205D3}"
EndProject
Global
	GlobalSection(SharedMSBuildProjectFiles) = preSolution
		SaveHuman\SaveHuman.Shared\SaveHuman.Shared.projitems*{710fc534-75ac-4e85-a0b6-d7b388b205d3}*SharedItemsImports = 4
		SaveHuman\SaveHuman.Shared\SaveHuman.Shared.projitems*{b570dff4-1e0f-418a-bf9f-7b735e3b97ba}*SharedItemsImports = 13
	EndGlobalSection
	GlobalSection(SolutionConfigurationPlatforms) = preSolution
		Debug|Any CPU = Debug|Any CPU
		Debug|ARM = Debug|ARM
		Debug|x64 = Debug|x64
		Debug|x86 = Debug|x86
		Release|Any CPU = Release|Any CPU
		Release|ARM = Release|ARM
		Release|x64 = Release|x64
		Release|x86 = Release|x86
	EndGlobalSection
	GlobalSection(ProjectConfigurationPlatforms) = postSolution
		{710FC534-75AC-4E85-A0B6-D7B388B205D3}.Debug|Any CPU.ActiveCfg = Debug|Any CPU
		{710FC534-75AC-4E85-A0B6-D7B388B205D3}.Debug|Any CPU.Build.0 = Debug|Any CPU
		{710FC534-75AC-4E85-A0B6-D7B388B205D3}.Debug|Any CPU.Deploy.0 = Debug|Any CPU
		{710FC534-75AC-4E85-A0B6-D7B388B205D3}.Debug|ARM.ActiveCfg = Debug|ARM
		{710FC534-75AC-4E85-A0B6-D7B388B205D3}.Debug|ARM.Build.0 = Debug|ARM
		{710FC534-75AC-4E85-A0B6-D7B388B205D3}.Debug|ARM.Deploy.0 = Debug|ARM
		{710FC534-75AC-4E85-A0B6-D7B388B205D3}.Debug|x64.ActiveCfg = Debug|x64
		{710FC534-75AC-4E85-A0B6-D7B388B205D3}.Debug|x64.Build.0 = Debug|x64
		{710FC534-75AC-4E85-A0B6-D7B388B205D3}.Debug|x64.Deploy.0 = Debug|x64
		{710FC534-75AC-4E85-A0B6-D7B388B205D3}.Debug|x86.ActiveCfg = Debug|x86
		{710FC534-75AC-4E85-A0B6-D7B388B205D3}.Debug|x86.Build.0 = Debug|x86
		{710FC534-75AC-4E85-A0B6-D7B388B205D3}.Debug|x86.Deploy.0 = Debug|x86
		{710FC534-75AC-4E85-A0B6-D7B388B205D3}.Release|Any CPU.ActiveCfg = Release|Any CPU
		{710FC534-75AC-4E85-A0B6-D7B388B205D3}.Release|Any CPU.Build.0 = Release|Any CPU
		{710FC534-75AC-4E85-A0B6-D7B388B205D3}.Release|Any CPU.Deploy.0 = Release|Any CPU
		{710FC534-75AC-4E85-A0B6-D7B388B205D3}.Release|ARM.ActiveCfg = Release|ARM
		{710FC534-75AC-4E85-A0B6-D7B388B205D3}.Release|ARM.Build.0 = Release|ARM
		{710FC534-75AC-4E85-A0B6-D7B388B205D3}.Release|ARM.Deploy.0 = Release|ARM
		{710FC534-75AC-4E85-A0B6-D7B388B205D3}.Release|x64.ActiveCfg = Release|x64
		{710FC534-75AC-4E85-A0B6-D7B388B205D3}.Release|x64.Build.0 = Release|x64
		{710FC534-75AC-4E85-A0B6-D7B388B205D3}.Release|x64.Deploy.0 = Release|x64
		{710FC534-75AC-4E85-A0B6-D7B388B205D3}.Release|x86.ActiveCfg = Release|x86
		{710FC534-75AC-4E85-A0B6-D7B388B205D3}.Release|x86.Build.0 = Release|x86
		{710FC534-75AC-4E85-A0B6-D7B388B205D3}.Release|x86.Deploy.0 = Release|x86
	EndGlobalSection
	GlobalSection(SolutionProperties) = preSolution
		HideSolutionNode = FALSE
	EndGlobalSection
	GlobalSection(NestedProjects) = preSolution
		{B570DFF4-1E0F-418A-BF9F-7B735E3B97BA} = {93C3768C-E822-4A79-BEE8-457C479B9FDC}
		{710FC534-75AC-4E85-A0B6-D7B388B205D3} = {93C3768C-E822-4A79-BEE8-457C479B9FDC}
	EndGlobalSection
EndGlobal
