
Microsoft Visual Studio Solution File, Format Version 12.00
# Visual Studio 14
VisualStudioVersion = 14.0.25420.1
MinimumVisualStudioVersion = 10.0.40219.1
Project("{2150E333-8FDC-42A3-9474-1A3956D46DE8}") = "Save The Human", "Save The Human", "{7A25BACF-967B-4AA3-8A92-0BD31934399E}"
EndProject
Project("{D954291E-2A0B-460D-934E-DC6B0785DB48}") = "Save The Human.Shared", "Save The Human\Save The Human.Shared\Save The Human.Shared.shproj", "{B92CA847-BF88-406B-B09D-A4E2BCFD47EF}"
EndProject
Project("{FAE04EC0-301F-11D3-BF4B-00C04F79EFBC}") = "Save The Human.Windows", "Save The Human\Save The Human.Windows\Save The Human.Windows.csproj", "{67ED7C07-670C-4AF2-AE4B-644D9A36B427}"
EndProject
Project("{FAE04EC0-301F-11D3-BF4B-00C04F79EFBC}") = "Save The Human.WindowsPhone", "Save The Human\Save The Human.WindowsPhone\Save The Human.WindowsPhone.csproj", "{E3C6920F-3AFD-49C2-A75F-EB3E64F7D8D8}"
EndProject
Global
	GlobalSection(SharedMSBuildProjectFiles) = preSolution
		Save The Human\Save The Human.Shared\Save The Human.Shared.projitems*{67ed7c07-670c-4af2-ae4b-644d9a36b427}*SharedItemsImports = 4
		Save The Human\Save The Human.Shared\Save The Human.Shared.projitems*{b92ca847-bf88-406b-b09d-a4e2bcfd47ef}*SharedItemsImports = 13
		Save The Human\Save The Human.Shared\Save The Human.Shared.projitems*{e3c6920f-3afd-49c2-a75f-eb3e64f7d8d8}*SharedItemsImports = 4
	EndGlobalSection
	GlobalSection(SolutionConfigurationPlatforms) = preSolution
		Debug|Any CPU = Debug|Any CPU
		Debug|ARM = Debug|ARM
		Debug|x64 = Debug|x64
		Debug|x86 = Debug|x86
		Release|Any CPU = Release|Any CPU
		Release|ARM = Release|ARM
		Release|x64 = Release|x64
		Release|x86 = Release|x86
	EndGlobalSection
	GlobalSection(ProjectConfigurationPlatforms) = postSolution
		{67ED7C07-670C-4AF2-AE4B-644D9A36B427}.Debug|Any CPU.ActiveCfg = Debug|Any CPU
		{67ED7C07-670C-4AF2-AE4B-644D9A36B427}.Debug|Any CPU.Build.0 = Debug|Any CPU
		{67ED7C07-670C-4AF2-AE4B-644D9A36B427}.Debug|Any CPU.Deploy.0 = Debug|Any CPU
		{67ED7C07-670C-4AF2-AE4B-644D9A36B427}.Debug|ARM.ActiveCfg = Debug|ARM
		{67ED7C07-670C-4AF2-AE4B-644D9A36B427}.Debug|ARM.Build.0 = Debug|ARM
		{67ED7C07-670C-4AF2-AE4B-644D9A36B427}.Debug|ARM.Deploy.0 = Debug|ARM
		{67ED7C07-670C-4AF2-AE4B-644D9A36B427}.Debug|x64.ActiveCfg = Debug|x64
		{67ED7C07-670C-4AF2-AE4B-644D9A36B427}.Debug|x64.Build.0 = Debug|x64
		{67ED7C07-670C-4AF2-AE4B-644D9A36B427}.Debug|x64.Deploy.0 = Debug|x64
		{67ED7C07-670C-4AF2-AE4B-644D9A36B427}.Debug|x86.ActiveCfg = Debug|x86
		{67ED7C07-670C-4AF2-AE4B-644D9A36B427}.Debug|x86.Build.0 = Debug|x86
		{67ED7C07-670C-4AF2-AE4B-644D9A36B427}.Debug|x86.Deploy.0 = Debug|x86
		{67ED7C07-670C-4AF2-AE4B-644D9A36B427}.Release|Any CPU.ActiveCfg = Release|Any CPU
		{67ED7C07-670C-4AF2-AE4B-644D9A36B427}.Release|Any CPU.Build.0 = Release|Any CPU
		{67ED7C07-670C-4AF2-AE4B-644D9A36B427}.Release|Any CPU.Deploy.0 = Release|Any CPU
		{67ED7C07-670C-4AF2-AE4B-644D9A36B427}.Release|ARM.ActiveCfg = Release|ARM
		{67ED7C07-670C-4AF2-AE4B-644D9A36B427}.Release|ARM.Build.0 = Release|ARM
		{67ED7C07-670C-4AF2-AE4B-644D9A36B427}.Release|ARM.Deploy.0 = Release|ARM
		{67ED7C07-670C-4AF2-AE4B-644D9A36B427}.Release|x64.ActiveCfg = Release|x64
		{67ED7C07-670C-4AF2-AE4B-644D9A36B427}.Release|x64.Build.0 = Release|x64
		{67ED7C07-670C-4AF2-AE4B-644D9A36B427}.Release|x64.Deploy.0 = Release|x64
		{67ED7C07-670C-4AF2-AE4B-644D9A36B427}.Release|x86.ActiveCfg = Release|x86
		{67ED7C07-670C-4AF2-AE4B-644D9A36B427}.Release|x86.Build.0 = Release|x86
		{67ED7C07-670C-4AF2-AE4B-644D9A36B427}.Release|x86.Deploy.0 = Release|x86
		{E3C6920F-3AFD-49C2-A75F-EB3E64F7D8D8}.Debug|Any CPU.ActiveCfg = Debug|Any CPU
		{E3C6920F-3AFD-49C2-A75F-EB3E64F7D8D8}.Debug|Any CPU.Build.0 = Debug|Any CPU
		{E3C6920F-3AFD-49C2-A75F-EB3E64F7D8D8}.Debug|Any CPU.Deploy.0 = Debug|Any CPU
		{E3C6920F-3AFD-49C2-A75F-EB3E64F7D8D8}.Debug|ARM.ActiveCfg = Debug|ARM
		{E3C6920F-3AFD-49C2-A75F-EB3E64F7D8D8}.Debug|ARM.Build.0 = Debug|ARM
		{E3C6920F-3AFD-49C2-A75F-EB3E64F7D8D8}.Debug|ARM.Deploy.0 = Debug|ARM
		{E3C6920F-3AFD-49C2-A75F-EB3E64F7D8D8}.Debug|x64.ActiveCfg = Debug|Any CPU
		{E3C6920F-3AFD-49C2-A75F-EB3E64F7D8D8}.Debug|x64.Build.0 = Debug|Any CPU
		{E3C6920F-3AFD-49C2-A75F-EB3E64F7D8D8}.Debug|x64.Deploy.0 = Debug|Any CPU
		{E3C6920F-3AFD-49C2-A75F-EB3E64F7D8D8}.Debug|x86.ActiveCfg = Debug|x86
		{E3C6920F-3AFD-49C2-A75F-EB3E64F7D8D8}.Debug|x86.Build.0 = Debug|x86
		{E3C6920F-3AFD-49C2-A75F-EB3E64F7D8D8}.Debug|x86.Deploy.0 = Debug|x86
		{E3C6920F-3AFD-49C2-A75F-EB3E64F7D8D8}.Release|Any CPU.ActiveCfg = Release|Any CPU
		{E3C6920F-3AFD-49C2-A75F-EB3E64F7D8D8}.Release|Any CPU.Build.0 = Release|Any CPU
		{E3C6920F-3AFD-49C2-A75F-EB3E64F7D8D8}.Release|Any CPU.Deploy.0 = Release|Any CPU
		{E3C6920F-3AFD-49C2-A75F-EB3E64F7D8D8}.Release|ARM.ActiveCfg = Release|ARM
		{E3C6920F-3AFD-49C2-A75F-EB3E64F7D8D8}.Release|ARM.Build.0 = Release|ARM
		{E3C6920F-3AFD-49C2-A75F-EB3E64F7D8D8}.Release|ARM.Deploy.0 = Release|ARM
		{E3C6920F-3AFD-49C2-A75F-EB3E64F7D8D8}.Release|x64.ActiveCfg = Release|Any CPU
		{E3C6920F-3AFD-49C2-A75F-EB3E64F7D8D8}.Release|x64.Build.0 = Release|Any CPU
		{E3C6920F-3AFD-49C2-A75F-EB3E64F7D8D8}.Release|x64.Deploy.0 = Release|Any CPU
		{E3C6920F-3AFD-49C2-A75F-EB3E64F7D8D8}.Release|x86.ActiveCfg = Release|x86
		{E3C6920F-3AFD-49C2-A75F-EB3E64F7D8D8}.Release|x86.Build.0 = Release|x86
		{E3C6920F-3AFD-49C2-A75F-EB3E64F7D8D8}.Release|x86.Deploy.0 = Release|x86
	EndGlobalSection
	GlobalSection(SolutionProperties) = preSolution
		HideSolutionNode = FALSE
	EndGlobalSection
	GlobalSection(NestedProjects) = preSolution
		{B92CA847-BF88-406B-B09D-A4E2BCFD47EF} = {7A25BACF-967B-4AA3-8A92-0BD31934399E}
		{67ED7C07-670C-4AF2-AE4B-644D9A36B427} = {7A25BACF-967B-4AA3-8A92-0BD31934399E}
		{E3C6920F-3AFD-49C2-A75F-EB3E64F7D8D8} = {7A25BACF-967B-4AA3-8A92-0BD31934399E}
	EndGlobalSection
EndGlobal
